// !$*UTF8*$!
{
	archiveVersion = 1;
	classes = {
	};
	objectVersion = 55;
	objects = {

/* Begin PBXBuildFile section */
		C33B7C14285E8F08000399BA /* PlayerEventsList.swift in Sources */ = {isa = PBXBuildFile; fileRef = C33B7C13285E8F08000399BA /* PlayerEventsList.swift */; };
		C33B7C17285E906B000399BA /* PlaylistEventsList.swift in Sources */ = {isa = PBXBuildFile; fileRef = C33B7C16285E906B000399BA /* PlaylistEventsList.swift */; };
		C33B7C19285EB170000399BA /* PlayerMessage.swift in Sources */ = {isa = PBXBuildFile; fileRef = C33B7C18285EB170000399BA /* PlayerMessage.swift */; };
		C33B7C1B285F7E68000399BA /* SessionTrack.swift in Sources */ = {isa = PBXBuildFile; fileRef = C33B7C1A285F7E68000399BA /* SessionTrack.swift */; };
		C33B7C1D285F8043000399BA /* PlayerSession.swift in Sources */ = {isa = PBXBuildFile; fileRef = C33B7C1C285F8043000399BA /* PlayerSession.swift */; };
		C33B7C1F285F8349000399BA /* PlaylistTrack.swift in Sources */ = {isa = PBXBuildFile; fileRef = C33B7C1E285F8349000399BA /* PlaylistTrack.swift */; };
		C33B7C21285F844C000399BA /* Playlist.swift in Sources */ = {isa = PBXBuildFile; fileRef = C33B7C20285F844C000399BA /* Playlist.swift */; };
		C33B7C25285F85E6000399BA /* Track.swift in Sources */ = {isa = PBXBuildFile; fileRef = C33B7C24285F85E6000399BA /* Track.swift */; };
		C33B7C27285F87D6000399BA /* PlaylistMessage.swift in Sources */ = {isa = PBXBuildFile; fileRef = C33B7C26285F87D6000399BA /* PlaylistMessage.swift */; };
		C3434ADC286F481000D07785 /* PINRemoteImage in Frameworks */ = {isa = PBXBuildFile; productRef = C3434ADB286F481000D07785 /* PINRemoteImage */; };
		C3434ADE286F6C4D00D07785 /* SubControlButtonStyle.swift in Sources */ = {isa = PBXBuildFile; fileRef = C3434ADD286F6C4D00D07785 /* SubControlButtonStyle.swift */; };
		C3434AE0286F6E7900D07785 /* ControlButtonStyle.swift in Sources */ = {isa = PBXBuildFile; fileRef = C3434ADF286F6E7900D07785 /* ControlButtonStyle.swift */; };
		C3434AE2286F752000D07785 /* GenerateImage.swift in Sources */ = {isa = PBXBuildFile; fileRef = C3434AE1286F752000D07785 /* GenerateImage.swift */; };
		C3434AE4286F756900D07785 /* ASCGImageBuffer.swift in Sources */ = {isa = PBXBuildFile; fileRef = C3434AE3286F756900D07785 /* ASCGImageBuffer.swift */; };
		C3535C3D286A2321007EA197 /* ContentView+ViewModel.swift in Sources */ = {isa = PBXBuildFile; fileRef = C3535C3C286A2321007EA197 /* ContentView+ViewModel.swift */; };
		C3535C3F286A3025007EA197 /* ContentView+MusicKit.swift in Sources */ = {isa = PBXBuildFile; fileRef = C3535C3E286A3025007EA197 /* ContentView+MusicKit.swift */; };
		C3535C47286A386F007EA197 /* API.swift in Sources */ = {isa = PBXBuildFile; fileRef = C3535C46286A386F007EA197 /* API.swift */; };
		C3535C49286A38CE007EA197 /* API+Error.swift in Sources */ = {isa = PBXBuildFile; fileRef = C3535C48286A38CE007EA197 /* API+Error.swift */; };
		C3535C4C286A3925007EA197 /* Alamofire in Frameworks */ = {isa = PBXBuildFile; productRef = C3535C4B286A3925007EA197 /* Alamofire */; };
		C3535C4E286A3980007EA197 /* API+Keychain.swift in Sources */ = {isa = PBXBuildFile; fileRef = C3535C4D286A3980007EA197 /* API+Keychain.swift */; };
		C3535C51286A3A07007EA197 /* APIAuthenticator.swift in Sources */ = {isa = PBXBuildFile; fileRef = C3535C50286A3A07007EA197 /* APIAuthenticator.swift */; };
		C3535C53286A3A28007EA197 /* APICredential.swift in Sources */ = {isa = PBXBuildFile; fileRef = C3535C52286A3A28007EA197 /* APICredential.swift */; };
		C3535C56286A3B6C007EA197 /* Alamofire+APIDecoder.swift in Sources */ = {isa = PBXBuildFile; fileRef = C3535C55286A3B6C007EA197 /* Alamofire+APIDecoder.swift */; };
		C3535C5A286B616D007EA197 /* ContentView+AuthSheet.swift in Sources */ = {isa = PBXBuildFile; fileRef = C3535C59286B616D007EA197 /* ContentView+AuthSheet.swift */; };
		C3535C65286EA430007EA197 /* PINCache in Frameworks */ = {isa = PBXBuildFile; productRef = C3535C64286EA430007EA197 /* PINCache */; };
		C36ABA17285BBBFC008D4D03 /* music_room_iosApp.swift in Sources */ = {isa = PBXBuildFile; fileRef = C36ABA16285BBBFC008D4D03 /* music_room_iosApp.swift */; };
		C36ABA19285BBBFC008D4D03 /* ContentView.swift in Sources */ = {isa = PBXBuildFile; fileRef = C36ABA18285BBBFC008D4D03 /* ContentView.swift */; };
		C36ABA1B285BBBFD008D4D03 /* Assets.xcassets in Resources */ = {isa = PBXBuildFile; fileRef = C36ABA1A285BBBFD008D4D03 /* Assets.xcassets */; };
		C36ABA1E285BBBFD008D4D03 /* Preview Assets.xcassets in Resources */ = {isa = PBXBuildFile; fileRef = C36ABA1D285BBBFD008D4D03 /* Preview Assets.xcassets */; };
		C3B4998928739914005CB8A7 /* API+Coders.swift in Sources */ = {isa = PBXBuildFile; fileRef = C3B4998828739914005CB8A7 /* API+Coders.swift */; };
		C3D7159728726D6300B0625A /* TokenObtainPairModel.swift in Sources */ = {isa = PBXBuildFile; fileRef = C3D7159628726D6300B0625A /* TokenObtainPairModel.swift */; };
		C3D7159928726E5600B0625A /* TokenRefreshModel.swift in Sources */ = {isa = PBXBuildFile; fileRef = C3D7159828726E5600B0625A /* TokenRefreshModel.swift */; };
		C3D7159D28728AD600B0625A /* DiskCacheService.swift in Sources */ = {isa = PBXBuildFile; fileRef = C3D7159C28728AD600B0625A /* DiskCacheService.swift */; };
		C3D7159F2872C37000B0625A /* Decimal+Time.swift in Sources */ = {isa = PBXBuildFile; fileRef = C3D7159E2872C37000B0625A /* Decimal+Time.swift */; };
		C3E715BE285E4DAD0038667B /* PlayerWebSocket.swift in Sources */ = {isa = PBXBuildFile; fileRef = C3E715BD285E4DAD0038667B /* PlayerWebSocket.swift */; };
		C3E715C0285E50660038667B /* PlaylistWebSocket.swift in Sources */ = {isa = PBXBuildFile; fileRef = C3E715BF285E50660038667B /* PlaylistWebSocket.swift */; };
/* End PBXBuildFile section */

/* Begin PBXFileReference section */
		C33B7C13285E8F08000399BA /* PlayerEventsList.swift */ = {isa = PBXFileReference; lastKnownFileType = sourcecode.swift; path = PlayerEventsList.swift; sourceTree = "<group>"; };
		C33B7C16285E906B000399BA /* PlaylistEventsList.swift */ = {isa = PBXFileReference; lastKnownFileType = sourcecode.swift; path = PlaylistEventsList.swift; sourceTree = "<group>"; };
		C33B7C18285EB170000399BA /* PlayerMessage.swift */ = {isa = PBXFileReference; lastKnownFileType = sourcecode.swift; path = PlayerMessage.swift; sourceTree = "<group>"; };
		C33B7C1A285F7E68000399BA /* SessionTrack.swift */ = {isa = PBXFileReference; lastKnownFileType = sourcecode.swift; path = SessionTrack.swift; sourceTree = "<group>"; };
		C33B7C1C285F8043000399BA /* PlayerSession.swift */ = {isa = PBXFileReference; lastKnownFileType = sourcecode.swift; path = PlayerSession.swift; sourceTree = "<group>"; };
		C33B7C1E285F8349000399BA /* PlaylistTrack.swift */ = {isa = PBXFileReference; lastKnownFileType = sourcecode.swift; path = PlaylistTrack.swift; sourceTree = "<group>"; };
		C33B7C20285F844C000399BA /* Playlist.swift */ = {isa = PBXFileReference; lastKnownFileType = sourcecode.swift; path = Playlist.swift; sourceTree = "<group>"; };
		C33B7C24285F85E6000399BA /* Track.swift */ = {isa = PBXFileReference; lastKnownFileType = sourcecode.swift; path = Track.swift; sourceTree = "<group>"; };
		C33B7C26285F87D6000399BA /* PlaylistMessage.swift */ = {isa = PBXFileReference; lastKnownFileType = sourcecode.swift; path = PlaylistMessage.swift; sourceTree = "<group>"; };
		C3434ADD286F6C4D00D07785 /* SubControlButtonStyle.swift */ = {isa = PBXFileReference; lastKnownFileType = sourcecode.swift; path = SubControlButtonStyle.swift; sourceTree = "<group>"; };
		C3434ADF286F6E7900D07785 /* ControlButtonStyle.swift */ = {isa = PBXFileReference; lastKnownFileType = sourcecode.swift; path = ControlButtonStyle.swift; sourceTree = "<group>"; };
		C3434AE1286F752000D07785 /* GenerateImage.swift */ = {isa = PBXFileReference; lastKnownFileType = sourcecode.swift; path = GenerateImage.swift; sourceTree = "<group>"; };
		C3434AE3286F756900D07785 /* ASCGImageBuffer.swift */ = {isa = PBXFileReference; lastKnownFileType = sourcecode.swift; path = ASCGImageBuffer.swift; sourceTree = "<group>"; };
		C3535C3C286A2321007EA197 /* ContentView+ViewModel.swift */ = {isa = PBXFileReference; lastKnownFileType = sourcecode.swift; path = "ContentView+ViewModel.swift"; sourceTree = "<group>"; };
		C3535C3E286A3025007EA197 /* ContentView+MusicKit.swift */ = {isa = PBXFileReference; lastKnownFileType = sourcecode.swift; path = "ContentView+MusicKit.swift"; sourceTree = "<group>"; };
		C3535C46286A386F007EA197 /* API.swift */ = {isa = PBXFileReference; lastKnownFileType = sourcecode.swift; path = API.swift; sourceTree = "<group>"; };
		C3535C48286A38CE007EA197 /* API+Error.swift */ = {isa = PBXFileReference; lastKnownFileType = sourcecode.swift; path = "API+Error.swift"; sourceTree = "<group>"; };
		C3535C4D286A3980007EA197 /* API+Keychain.swift */ = {isa = PBXFileReference; lastKnownFileType = sourcecode.swift; path = "API+Keychain.swift"; sourceTree = "<group>"; };
		C3535C50286A3A07007EA197 /* APIAuthenticator.swift */ = {isa = PBXFileReference; lastKnownFileType = sourcecode.swift; path = APIAuthenticator.swift; sourceTree = "<group>"; };
		C3535C52286A3A28007EA197 /* APICredential.swift */ = {isa = PBXFileReference; lastKnownFileType = sourcecode.swift; path = APICredential.swift; sourceTree = "<group>"; };
		C3535C55286A3B6C007EA197 /* Alamofire+APIDecoder.swift */ = {isa = PBXFileReference; lastKnownFileType = sourcecode.swift; path = "Alamofire+APIDecoder.swift"; sourceTree = "<group>"; };
		C3535C59286B616D007EA197 /* ContentView+AuthSheet.swift */ = {isa = PBXFileReference; lastKnownFileType = sourcecode.swift; path = "ContentView+AuthSheet.swift"; sourceTree = "<group>"; };
		C36ABA13285BBBFC008D4D03 /* music-room-ios.app */ = {isa = PBXFileReference; explicitFileType = wrapper.application; includeInIndex = 0; path = "music-room-ios.app"; sourceTree = BUILT_PRODUCTS_DIR; };
		C36ABA16285BBBFC008D4D03 /* music_room_iosApp.swift */ = {isa = PBXFileReference; lastKnownFileType = sourcecode.swift; path = music_room_iosApp.swift; sourceTree = "<group>"; };
		C36ABA18285BBBFC008D4D03 /* ContentView.swift */ = {isa = PBXFileReference; lastKnownFileType = sourcecode.swift; path = ContentView.swift; sourceTree = "<group>"; };
		C36ABA1A285BBBFD008D4D03 /* Assets.xcassets */ = {isa = PBXFileReference; lastKnownFileType = folder.assetcatalog; path = Assets.xcassets; sourceTree = "<group>"; };
		C36ABA1D285BBBFD008D4D03 /* Preview Assets.xcassets */ = {isa = PBXFileReference; lastKnownFileType = folder.assetcatalog; path = "Preview Assets.xcassets"; sourceTree = "<group>"; };
		C3B4998828739914005CB8A7 /* API+Coders.swift */ = {isa = PBXFileReference; lastKnownFileType = sourcecode.swift; path = "API+Coders.swift"; sourceTree = "<group>"; };
		C3D7159628726D6300B0625A /* TokenObtainPairModel.swift */ = {isa = PBXFileReference; lastKnownFileType = sourcecode.swift; path = TokenObtainPairModel.swift; sourceTree = "<group>"; };
		C3D7159828726E5600B0625A /* TokenRefreshModel.swift */ = {isa = PBXFileReference; lastKnownFileType = sourcecode.swift; path = TokenRefreshModel.swift; sourceTree = "<group>"; };
		C3D7159C28728AD600B0625A /* DiskCacheService.swift */ = {isa = PBXFileReference; lastKnownFileType = sourcecode.swift; path = DiskCacheService.swift; sourceTree = "<group>"; };
		C3D7159E2872C37000B0625A /* Decimal+Time.swift */ = {isa = PBXFileReference; lastKnownFileType = sourcecode.swift; path = "Decimal+Time.swift"; sourceTree = "<group>"; };
		C3E715BD285E4DAD0038667B /* PlayerWebSocket.swift */ = {isa = PBXFileReference; lastKnownFileType = sourcecode.swift; path = PlayerWebSocket.swift; sourceTree = "<group>"; };
		C3E715BF285E50660038667B /* PlaylistWebSocket.swift */ = {isa = PBXFileReference; lastKnownFileType = sourcecode.swift; path = PlaylistWebSocket.swift; sourceTree = "<group>"; };
/* End PBXFileReference section */

/* Begin PBXFrameworksBuildPhase section */
		C36ABA10285BBBFC008D4D03 /* Frameworks */ = {
			isa = PBXFrameworksBuildPhase;
			buildActionMask = 2147483647;
			files = (
				C3535C4C286A3925007EA197 /* Alamofire in Frameworks */,
				C3434ADC286F481000D07785 /* PINRemoteImage in Frameworks */,
				C3535C65286EA430007EA197 /* PINCache in Frameworks */,
			);
			runOnlyForDeploymentPostprocessing = 0;
		};
/* End PBXFrameworksBuildPhase section */

/* Begin PBXGroup section */
		C33B7C11285E8EDD000399BA /* WebSocket */ = {
			isa = PBXGroup;
			children = (
				C3E715BD285E4DAD0038667B /* PlayerWebSocket.swift */,
				C3E715BF285E50660038667B /* PlaylistWebSocket.swift */,
			);
			path = WebSocket;
			sourceTree = "<group>";
		};
		C33B7C12285E8EED000399BA /* Entities */ = {
			isa = PBXGroup;
			children = (
				C33B7C13285E8F08000399BA /* PlayerEventsList.swift */,
				C33B7C16285E906B000399BA /* PlaylistEventsList.swift */,
				C33B7C18285EB170000399BA /* PlayerMessage.swift */,
				C33B7C26285F87D6000399BA /* PlaylistMessage.swift */,
				C33B7C1A285F7E68000399BA /* SessionTrack.swift */,
				C33B7C1C285F8043000399BA /* PlayerSession.swift */,
				C33B7C1E285F8349000399BA /* PlaylistTrack.swift */,
				C33B7C20285F844C000399BA /* Playlist.swift */,
				C33B7C24285F85E6000399BA /* Track.swift */,
				C3D7159628726D6300B0625A /* TokenObtainPairModel.swift */,
				C3D7159828726E5600B0625A /* TokenRefreshModel.swift */,
				C3535C4F286A39EA007EA197 /* Authentication */,
			);
			path = Entities;
			sourceTree = "<group>";
		};
		C33B7C15285E9056000399BA /* View */ = {
			isa = PBXGroup;
			children = (
				C36ABA18285BBBFC008D4D03 /* ContentView.swift */,
				C3535C3C286A2321007EA197 /* ContentView+ViewModel.swift */,
				C3535C59286B616D007EA197 /* ContentView+AuthSheet.swift */,
				C3535C3E286A3025007EA197 /* ContentView+MusicKit.swift */,
				C3434ADF286F6E7900D07785 /* ControlButtonStyle.swift */,
				C3434ADD286F6C4D00D07785 /* SubControlButtonStyle.swift */,
				C3434AE1286F752000D07785 /* GenerateImage.swift */,
				C3434AE3286F756900D07785 /* ASCGImageBuffer.swift */,
				C3D7159E2872C37000B0625A /* Decimal+Time.swift */,
			);
			path = View;
			sourceTree = "<group>";
		};
		C3535C45286A3868007EA197 /* API */ = {
			isa = PBXGroup;
			children = (
				C3535C46286A386F007EA197 /* API.swift */,
				C3535C48286A38CE007EA197 /* API+Error.swift */,
				C3B4998828739914005CB8A7 /* API+Coders.swift */,
				C3535C4D286A3980007EA197 /* API+Keychain.swift */,
				C3D7159C28728AD600B0625A /* DiskCacheService.swift */,
				C3535C54286A3B5B007EA197 /* Extensions */,
				C33B7C11285E8EDD000399BA /* WebSocket */,
				C33B7C12285E8EED000399BA /* Entities */,
			);
			path = API;
			sourceTree = "<group>";
		};
		C3535C4F286A39EA007EA197 /* Authentication */ = {
			isa = PBXGroup;
			children = (
				C3535C50286A3A07007EA197 /* APIAuthenticator.swift */,
				C3535C52286A3A28007EA197 /* APICredential.swift */,
			);
			path = Authentication;
			sourceTree = "<group>";
		};
		C3535C54286A3B5B007EA197 /* Extensions */ = {
			isa = PBXGroup;
			children = (
				C3535C55286A3B6C007EA197 /* Alamofire+APIDecoder.swift */,
			);
			path = Extensions;
			sourceTree = "<group>";
		};
		C36ABA0A285BBBFC008D4D03 = {
			isa = PBXGroup;
			children = (
				C36ABA15285BBBFC008D4D03 /* music-room-ios */,
				C36ABA14285BBBFC008D4D03 /* Products */,
			);
			sourceTree = "<group>";
		};
		C36ABA14285BBBFC008D4D03 /* Products */ = {
			isa = PBXGroup;
			children = (
				C36ABA13285BBBFC008D4D03 /* music-room-ios.app */,
			);
			name = Products;
			sourceTree = "<group>";
		};
		C36ABA15285BBBFC008D4D03 /* music-room-ios */ = {
			isa = PBXGroup;
			children = (
				C36ABA16285BBBFC008D4D03 /* music_room_iosApp.swift */,
				C3535C45286A3868007EA197 /* API */,
				C33B7C15285E9056000399BA /* View */,
				C36ABA1A285BBBFD008D4D03 /* Assets.xcassets */,
				C36ABA1C285BBBFD008D4D03 /* Preview Content */,
			);
			path = "music-room-ios";
			sourceTree = "<group>";
		};
		C36ABA1C285BBBFD008D4D03 /* Preview Content */ = {
			isa = PBXGroup;
			children = (
				C36ABA1D285BBBFD008D4D03 /* Preview Assets.xcassets */,
			);
			path = "Preview Content";
			sourceTree = "<group>";
		};
/* End PBXGroup section */

/* Begin PBXNativeTarget section */
		C36ABA12285BBBFC008D4D03 /* music-room-ios */ = {
			isa = PBXNativeTarget;
			buildConfigurationList = C36ABA21285BBBFD008D4D03 /* Build configuration list for PBXNativeTarget "music-room-ios" */;
			buildPhases = (
				C36ABA0F285BBBFC008D4D03 /* Sources */,
				C36ABA10285BBBFC008D4D03 /* Frameworks */,
				C36ABA11285BBBFC008D4D03 /* Resources */,
			);
			buildRules = (
			);
			dependencies = (
			);
			name = "music-room-ios";
			packageProductDependencies = (
				C3535C4B286A3925007EA197 /* Alamofire */,
				C3535C64286EA430007EA197 /* PINCache */,
				C3434ADB286F481000D07785 /* PINRemoteImage */,
			);
			productName = "music-room-ios";
			productReference = C36ABA13285BBBFC008D4D03 /* music-room-ios.app */;
			productType = "com.apple.product-type.application";
		};
/* End PBXNativeTarget section */

/* Begin PBXProject section */
		C36ABA0B285BBBFC008D4D03 /* Project object */ = {
			isa = PBXProject;
			attributes = {
				BuildIndependentTargetsInParallel = 1;
				LastSwiftUpdateCheck = 1340;
				LastUpgradeCheck = 1340;
				TargetAttributes = {
					C36ABA12285BBBFC008D4D03 = {
						CreatedOnToolsVersion = 13.4;
					};
				};
			};
			buildConfigurationList = C36ABA0E285BBBFC008D4D03 /* Build configuration list for PBXProject "music-room-ios" */;
			compatibilityVersion = "Xcode 13.0";
			developmentRegion = en;
			hasScannedForEncodings = 0;
			knownRegions = (
				en,
				Base,
			);
			mainGroup = C36ABA0A285BBBFC008D4D03;
			packageReferences = (
				C3535C4A286A3925007EA197 /* XCRemoteSwiftPackageReference "Alamofire" */,
				C3535C63286EA430007EA197 /* XCRemoteSwiftPackageReference "PINCache" */,
				C3434ADA286F481000D07785 /* XCRemoteSwiftPackageReference "PINRemoteImage" */,
			);
			productRefGroup = C36ABA14285BBBFC008D4D03 /* Products */;
			projectDirPath = "";
			projectRoot = "";
			targets = (
				C36ABA12285BBBFC008D4D03 /* music-room-ios */,
			);
		};
/* End PBXProject section */

/* Begin PBXResourcesBuildPhase section */
		C36ABA11285BBBFC008D4D03 /* Resources */ = {
			isa = PBXResourcesBuildPhase;
			buildActionMask = 2147483647;
			files = (
				C36ABA1E285BBBFD008D4D03 /* Preview Assets.xcassets in Resources */,
				C36ABA1B285BBBFD008D4D03 /* Assets.xcassets in Resources */,
			);
			runOnlyForDeploymentPostprocessing = 0;
		};
/* End PBXResourcesBuildPhase section */

/* Begin PBXSourcesBuildPhase section */
		C36ABA0F285BBBFC008D4D03 /* Sources */ = {
			isa = PBXSourcesBuildPhase;
			buildActionMask = 2147483647;
			files = (
				C36ABA19285BBBFC008D4D03 /* ContentView.swift in Sources */,
				C3434AE0286F6E7900D07785 /* ControlButtonStyle.swift in Sources */,
				C3535C53286A3A28007EA197 /* APICredential.swift in Sources */,
				C33B7C14285E8F08000399BA /* PlayerEventsList.swift in Sources */,
				C3535C51286A3A07007EA197 /* APIAuthenticator.swift in Sources */,
				C3535C3D286A2321007EA197 /* ContentView+ViewModel.swift in Sources */,
				C33B7C1D285F8043000399BA /* PlayerSession.swift in Sources */,
				C33B7C17285E906B000399BA /* PlaylistEventsList.swift in Sources */,
				C3535C56286A3B6C007EA197 /* Alamofire+APIDecoder.swift in Sources */,
				C36ABA17285BBBFC008D4D03 /* music_room_iosApp.swift in Sources */,
				C3434ADE286F6C4D00D07785 /* SubControlButtonStyle.swift in Sources */,
				C3E715BE285E4DAD0038667B /* PlayerWebSocket.swift in Sources */,
				C3E715C0285E50660038667B /* PlaylistWebSocket.swift in Sources */,
				C3D7159F2872C37000B0625A /* Decimal+Time.swift in Sources */,
				C33B7C1B285F7E68000399BA /* SessionTrack.swift in Sources */,
				C33B7C21285F844C000399BA /* Playlist.swift in Sources */,
				C3535C49286A38CE007EA197 /* API+Error.swift in Sources */,
				C3535C47286A386F007EA197 /* API.swift in Sources */,
				C3B4998928739914005CB8A7 /* API+Coders.swift in Sources */,
				C3434AE4286F756900D07785 /* ASCGImageBuffer.swift in Sources */,
				C33B7C25285F85E6000399BA /* Track.swift in Sources */,
				C3535C5A286B616D007EA197 /* ContentView+AuthSheet.swift in Sources */,
				C3434AE2286F752000D07785 /* GenerateImage.swift in Sources */,
				C3D7159928726E5600B0625A /* TokenRefreshModel.swift in Sources */,
				C33B7C19285EB170000399BA /* PlayerMessage.swift in Sources */,
				C33B7C1F285F8349000399BA /* PlaylistTrack.swift in Sources */,
				C3D7159D28728AD600B0625A /* DiskCacheService.swift in Sources */,
				C3D7159728726D6300B0625A /* TokenObtainPairModel.swift in Sources */,
				C33B7C27285F87D6000399BA /* PlaylistMessage.swift in Sources */,
				C3535C3F286A3025007EA197 /* ContentView+MusicKit.swift in Sources */,
				C3535C4E286A3980007EA197 /* API+Keychain.swift in Sources */,
			);
			runOnlyForDeploymentPostprocessing = 0;
		};
/* End PBXSourcesBuildPhase section */

/* Begin XCBuildConfiguration section */
		C36ABA1F285BBBFD008D4D03 /* Debug */ = {
			isa = XCBuildConfiguration;
			buildSettings = {
				ALWAYS_SEARCH_USER_PATHS = NO;
				CLANG_ANALYZER_NONNULL = YES;
				CLANG_ANALYZER_NUMBER_OBJECT_CONVERSION = YES_AGGRESSIVE;
				CLANG_CXX_LANGUAGE_STANDARD = "gnu++17";
				CLANG_ENABLE_MODULES = YES;
				CLANG_ENABLE_OBJC_ARC = YES;
				CLANG_ENABLE_OBJC_WEAK = YES;
				CLANG_WARN_BLOCK_CAPTURE_AUTORELEASING = YES;
				CLANG_WARN_BOOL_CONVERSION = YES;
				CLANG_WARN_COMMA = YES;
				CLANG_WARN_CONSTANT_CONVERSION = YES;
				CLANG_WARN_DEPRECATED_OBJC_IMPLEMENTATIONS = YES;
				CLANG_WARN_DIRECT_OBJC_ISA_USAGE = YES_ERROR;
				CLANG_WARN_DOCUMENTATION_COMMENTS = YES;
				CLANG_WARN_EMPTY_BODY = YES;
				CLANG_WARN_ENUM_CONVERSION = YES;
				CLANG_WARN_INFINITE_RECURSION = YES;
				CLANG_WARN_INT_CONVERSION = YES;
				CLANG_WARN_NON_LITERAL_NULL_CONVERSION = YES;
				CLANG_WARN_OBJC_IMPLICIT_RETAIN_SELF = YES;
				CLANG_WARN_OBJC_LITERAL_CONVERSION = YES;
				CLANG_WARN_OBJC_ROOT_CLASS = YES_ERROR;
				CLANG_WARN_QUOTED_INCLUDE_IN_FRAMEWORK_HEADER = YES;
				CLANG_WARN_RANGE_LOOP_ANALYSIS = YES;
				CLANG_WARN_STRICT_PROTOTYPES = YES;
				CLANG_WARN_SUSPICIOUS_MOVE = YES;
				CLANG_WARN_UNGUARDED_AVAILABILITY = YES_AGGRESSIVE;
				CLANG_WARN_UNREACHABLE_CODE = YES;
				CLANG_WARN__DUPLICATE_METHOD_MATCH = YES;
				COPY_PHASE_STRIP = NO;
				DEAD_CODE_STRIPPING = NO;
				DEBUG_INFORMATION_FORMAT = dwarf;
				ENABLE_STRICT_OBJC_MSGSEND = YES;
				ENABLE_TESTABILITY = YES;
				GCC_C_LANGUAGE_STANDARD = gnu11;
				GCC_DYNAMIC_NO_PIC = NO;
				GCC_NO_COMMON_BLOCKS = YES;
				GCC_OPTIMIZATION_LEVEL = 0;
				GCC_PREPROCESSOR_DEFINITIONS = (
					"SWIFT_PACKAGE=1",
					"DEBUG=1",
					"$(inherited)",
				);
				GCC_WARN_64_TO_32_BIT_CONVERSION = YES;
				GCC_WARN_ABOUT_RETURN_TYPE = YES_ERROR;
				GCC_WARN_UNDECLARED_SELECTOR = YES;
				GCC_WARN_UNINITIALIZED_AUTOS = YES_AGGRESSIVE;
				GCC_WARN_UNUSED_FUNCTION = YES;
				GCC_WARN_UNUSED_VARIABLE = YES;
				IPHONEOS_DEPLOYMENT_TARGET = 15.5;
				MTL_ENABLE_DEBUG_INFO = INCLUDE_SOURCE;
				MTL_FAST_MATH = YES;
				ONLY_ACTIVE_ARCH = YES;
				SDKROOT = iphoneos;
				SWIFT_ACTIVE_COMPILATION_CONDITIONS = DEBUG;
				SWIFT_OPTIMIZATION_LEVEL = "-Onone";
			};
			name = Debug;
		};
		C36ABA20285BBBFD008D4D03 /* Release */ = {
			isa = XCBuildConfiguration;
			buildSettings = {
				ALWAYS_SEARCH_USER_PATHS = NO;
				CLANG_ANALYZER_NONNULL = YES;
				CLANG_ANALYZER_NUMBER_OBJECT_CONVERSION = YES_AGGRESSIVE;
				CLANG_CXX_LANGUAGE_STANDARD = "gnu++17";
				CLANG_ENABLE_MODULES = YES;
				CLANG_ENABLE_OBJC_ARC = YES;
				CLANG_ENABLE_OBJC_WEAK = YES;
				CLANG_WARN_BLOCK_CAPTURE_AUTORELEASING = YES;
				CLANG_WARN_BOOL_CONVERSION = YES;
				CLANG_WARN_COMMA = YES;
				CLANG_WARN_CONSTANT_CONVERSION = YES;
				CLANG_WARN_DEPRECATED_OBJC_IMPLEMENTATIONS = YES;
				CLANG_WARN_DIRECT_OBJC_ISA_USAGE = YES_ERROR;
				CLANG_WARN_DOCUMENTATION_COMMENTS = YES;
				CLANG_WARN_EMPTY_BODY = YES;
				CLANG_WARN_ENUM_CONVERSION = YES;
				CLANG_WARN_INFINITE_RECURSION = YES;
				CLANG_WARN_INT_CONVERSION = YES;
				CLANG_WARN_NON_LITERAL_NULL_CONVERSION = YES;
				CLANG_WARN_OBJC_IMPLICIT_RETAIN_SELF = YES;
				CLANG_WARN_OBJC_LITERAL_CONVERSION = YES;
				CLANG_WARN_OBJC_ROOT_CLASS = YES_ERROR;
				CLANG_WARN_QUOTED_INCLUDE_IN_FRAMEWORK_HEADER = YES;
				CLANG_WARN_RANGE_LOOP_ANALYSIS = YES;
				CLANG_WARN_STRICT_PROTOTYPES = YES;
				CLANG_WARN_SUSPICIOUS_MOVE = YES;
				CLANG_WARN_UNGUARDED_AVAILABILITY = YES_AGGRESSIVE;
				CLANG_WARN_UNREACHABLE_CODE = YES;
				CLANG_WARN__DUPLICATE_METHOD_MATCH = YES;
				COPY_PHASE_STRIP = NO;
				DEAD_CODE_STRIPPING = NO;
				DEBUG_INFORMATION_FORMAT = "dwarf-with-dsym";
				ENABLE_NS_ASSERTIONS = NO;
				ENABLE_STRICT_OBJC_MSGSEND = YES;
				GCC_C_LANGUAGE_STANDARD = gnu11;
				GCC_NO_COMMON_BLOCKS = YES;
				GCC_PREPROCESSOR_DEFINITIONS = "SWIFT_PACKAGE=1";
				GCC_WARN_64_TO_32_BIT_CONVERSION = YES;
				GCC_WARN_ABOUT_RETURN_TYPE = YES_ERROR;
				GCC_WARN_UNDECLARED_SELECTOR = YES;
				GCC_WARN_UNINITIALIZED_AUTOS = YES_AGGRESSIVE;
				GCC_WARN_UNUSED_FUNCTION = YES;
				GCC_WARN_UNUSED_VARIABLE = YES;
				IPHONEOS_DEPLOYMENT_TARGET = 15.5;
				MTL_ENABLE_DEBUG_INFO = NO;
				MTL_FAST_MATH = YES;
				SDKROOT = iphoneos;
				SWIFT_COMPILATION_MODE = wholemodule;
				SWIFT_OPTIMIZATION_LEVEL = "-O";
				VALIDATE_PRODUCT = YES;
			};
			name = Release;
		};
		C36ABA22285BBBFD008D4D03 /* Debug */ = {
			isa = XCBuildConfiguration;
			buildSettings = {
				ASSETCATALOG_COMPILER_APPICON_NAME = AppIcon;
				ASSETCATALOG_COMPILER_GLOBAL_ACCENT_COLOR_NAME = AccentColor;
				CODE_SIGN_STYLE = Automatic;
				CURRENT_PROJECT_VERSION = 1;
				DEVELOPMENT_ASSET_PATHS = "\"music-room-ios/Preview Content\"";
				DEVELOPMENT_TEAM = D4LJ38764L;
				ENABLE_PREVIEWS = YES;
				GENERATE_INFOPLIST_FILE = YES;
				INFOPLIST_KEY_NSAppleMusicUsageDescription = TEST;
				INFOPLIST_KEY_UIApplicationSceneManifest_Generation = YES;
				INFOPLIST_KEY_UIApplicationSupportsIndirectInputEvents = YES;
				INFOPLIST_KEY_UILaunchScreen_Generation = YES;
				INFOPLIST_KEY_UISupportedInterfaceOrientations_iPad = "UIInterfaceOrientationPortrait UIInterfaceOrientationPortraitUpsideDown UIInterfaceOrientationLandscapeLeft UIInterfaceOrientationLandscapeRight";
				INFOPLIST_KEY_UISupportedInterfaceOrientations_iPhone = "UIInterfaceOrientationPortrait UIInterfaceOrientationLandscapeLeft UIInterfaceOrientationLandscapeRight";
				LD_RUNPATH_SEARCH_PATHS = (
					"$(inherited)",
					"@executable_path/Frameworks",
				);
				MARKETING_VERSION = 1.0;
				PRODUCT_BUNDLE_IDENTIFIER = "me.nickaroot.music-room-ios";
				PRODUCT_NAME = "$(TARGET_NAME)";
				SWIFT_EMIT_LOC_STRINGS = YES;
				SWIFT_VERSION = 5.0;
				TARGETED_DEVICE_FAMILY = 1;
			};
			name = Debug;
		};
		C36ABA23285BBBFD008D4D03 /* Release */ = {
			isa = XCBuildConfiguration;
			buildSettings = {
				ASSETCATALOG_COMPILER_APPICON_NAME = AppIcon;
				ASSETCATALOG_COMPILER_GLOBAL_ACCENT_COLOR_NAME = AccentColor;
				CODE_SIGN_STYLE = Automatic;
				CURRENT_PROJECT_VERSION = 1;
				DEVELOPMENT_ASSET_PATHS = "\"music-room-ios/Preview Content\"";
				DEVELOPMENT_TEAM = D4LJ38764L;
				ENABLE_PREVIEWS = YES;
				GENERATE_INFOPLIST_FILE = YES;
				INFOPLIST_KEY_NSAppleMusicUsageDescription = TEST;
				INFOPLIST_KEY_UIApplicationSceneManifest_Generation = YES;
				INFOPLIST_KEY_UIApplicationSupportsIndirectInputEvents = YES;
				INFOPLIST_KEY_UILaunchScreen_Generation = YES;
				INFOPLIST_KEY_UISupportedInterfaceOrientations_iPad = "UIInterfaceOrientationPortrait UIInterfaceOrientationPortraitUpsideDown UIInterfaceOrientationLandscapeLeft UIInterfaceOrientationLandscapeRight";
				INFOPLIST_KEY_UISupportedInterfaceOrientations_iPhone = "UIInterfaceOrientationPortrait UIInterfaceOrientationLandscapeLeft UIInterfaceOrientationLandscapeRight";
				LD_RUNPATH_SEARCH_PATHS = (
					"$(inherited)",
					"@executable_path/Frameworks",
				);
				MARKETING_VERSION = 1.0;
				PRODUCT_BUNDLE_IDENTIFIER = "me.nickaroot.music-room-ios";
				PRODUCT_NAME = "$(TARGET_NAME)";
				SWIFT_EMIT_LOC_STRINGS = YES;
				SWIFT_VERSION = 5.0;
				TARGETED_DEVICE_FAMILY = 1;
			};
			name = Release;
		};
/* End XCBuildConfiguration section */

/* Begin XCConfigurationList section */
		C36ABA0E285BBBFC008D4D03 /* Build configuration list for PBXProject "music-room-ios" */ = {
			isa = XCConfigurationList;
			buildConfigurations = (
				C36ABA1F285BBBFD008D4D03 /* Debug */,
				C36ABA20285BBBFD008D4D03 /* Release */,
			);
			defaultConfigurationIsVisible = 0;
			defaultConfigurationName = Release;
		};
		C36ABA21285BBBFD008D4D03 /* Build configuration list for PBXNativeTarget "music-room-ios" */ = {
			isa = XCConfigurationList;
			buildConfigurations = (
				C36ABA22285BBBFD008D4D03 /* Debug */,
				C36ABA23285BBBFD008D4D03 /* Release */,
			);
			defaultConfigurationIsVisible = 0;
			defaultConfigurationName = Release;
		};
/* End XCConfigurationList section */

/* Begin XCRemoteSwiftPackageReference section */
		C3434ADA286F481000D07785 /* XCRemoteSwiftPackageReference "PINRemoteImage" */ = {
			isa = XCRemoteSwiftPackageReference;
			repositoryURL = "https://github.com/pinterest/PINRemoteImage.git";
			requirement = {
				kind = upToNextMinorVersion;
				minimumVersion = 3.0.0;
			};
		};
		C3535C4A286A3925007EA197 /* XCRemoteSwiftPackageReference "Alamofire" */ = {
			isa = XCRemoteSwiftPackageReference;
			repositoryURL = "https://github.com/Alamofire/Alamofire.git";
			requirement = {
				kind = upToNextMajorVersion;
				minimumVersion = 5.0.0;
			};
		};
		C3535C63286EA430007EA197 /* XCRemoteSwiftPackageReference "PINCache" */ = {
			isa = XCRemoteSwiftPackageReference;
			repositoryURL = "https://github.com/pinterest/PINCache.git";
			requirement = {
				kind = upToNextMinorVersion;
				minimumVersion = 3.0.0;
			};
		};
/* End XCRemoteSwiftPackageReference section */

/* Begin XCSwiftPackageProductDependency section */
		C3434ADB286F481000D07785 /* PINRemoteImage */ = {
			isa = XCSwiftPackageProductDependency;
			package = C3434ADA286F481000D07785 /* XCRemoteSwiftPackageReference "PINRemoteImage" */;
			productName = PINRemoteImage;
		};
		C3535C4B286A3925007EA197 /* Alamofire */ = {
			isa = XCSwiftPackageProductDependency;
			package = C3535C4A286A3925007EA197 /* XCRemoteSwiftPackageReference "Alamofire" */;
			productName = Alamofire;
		};
		C3535C64286EA430007EA197 /* PINCache */ = {
			isa = XCSwiftPackageProductDependency;
			package = C3535C63286EA430007EA197 /* XCRemoteSwiftPackageReference "PINCache" */;
			productName = PINCache;
		};
/* End XCSwiftPackageProductDependency section */
	};
	rootObject = C36ABA0B285BBBFC008D4D03 /* Project object */;
}
